
Microsoft Visual Studio Solution File, Format Version 12.00
# Visual Studio Version 16
VisualStudioVersion = 16.0.30114.105
MinimumVisualStudioVersion = 10.0.40219.1
Project("{9A19103F-16F7-4668-BE54-9A1E7A4F7556}") = "NetCoreStudyProject", "NetCoreStudyProject\NetCoreStudyProject.csproj", "{875783A8-753C-4A92-8E8E-766D5CAB69F2}"
EndProject
Project("{9A19103F-16F7-4668-BE54-9A1E7A4F7556}") = "TestAndPractice", "TestAndPractice\TestAndPractice.csproj", "{D66B2E5D-2E5F-45C0-8D22-28B9EE6E19C7}"
EndProject
Project("{FAE04EC0-301F-11D3-BF4B-00C04F79EFBC}") = "ToolsCollection", "ToolsCollection\ToolsCollection.csproj", "{16CC9A56-23A6-41FE-A78D-B56DEA69D2EE}"
EndProject
Global
	GlobalSection(SolutionConfigurationPlatforms) = preSolution
		Debug|Any CPU = Debug|Any CPU
		Release|Any CPU = Release|Any CPU
	EndGlobalSection
	GlobalSection(ProjectConfigurationPlatforms) = postSolution
		{875783A8-753C-4A92-8E8E-766D5CAB69F2}.Debug|Any CPU.ActiveCfg = Debug|Any CPU
		{875783A8-753C-4A92-8E8E-766D5CAB69F2}.Debug|Any CPU.Build.0 = Debug|Any CPU
		{875783A8-753C-4A92-8E8E-766D5CAB69F2}.Release|Any CPU.ActiveCfg = Release|Any CPU
		{875783A8-753C-4A92-8E8E-766D5CAB69F2}.Release|Any CPU.Build.0 = Release|Any CPU
		{D66B2E5D-2E5F-45C0-8D22-28B9EE6E19C7}.Debug|Any CPU.ActiveCfg = Debug|Any CPU
		{D66B2E5D-2E5F-45C0-8D22-28B9EE6E19C7}.Debug|Any CPU.Build.0 = Debug|Any CPU
		{D66B2E5D-2E5F-45C0-8D22-28B9EE6E19C7}.Release|Any CPU.ActiveCfg = Release|Any CPU
		{D66B2E5D-2E5F-45C0-8D22-28B9EE6E19C7}.Release|Any CPU.Build.0 = Release|Any CPU
		{16CC9A56-23A6-41FE-A78D-B56DEA69D2EE}.Debug|Any CPU.ActiveCfg = Debug|Any CPU
		{16CC9A56-23A6-41FE-A78D-B56DEA69D2EE}.Debug|Any CPU.Build.0 = Debug|Any CPU
		{16CC9A56-23A6-41FE-A78D-B56DEA69D2EE}.Release|Any CPU.ActiveCfg = Release|Any CPU
		{16CC9A56-23A6-41FE-A78D-B56DEA69D2EE}.Release|Any CPU.Build.0 = Release|Any CPU
	EndGlobalSection
	GlobalSection(SolutionProperties) = preSolution
		HideSolutionNode = FALSE
	EndGlobalSection
	GlobalSection(ExtensibilityGlobals) = postSolution
		SolutionGuid = {2F931212-A5C6-46EE-9D02-879231F6CDCF}
	EndGlobalSection
EndGlobal
